// !$*UTF8*$!
{
	archiveVersion = 1;
	classes = {
	};
	objectVersion = 56;
	objects = {

/* Begin PBXBuildFile section */
		B23D1B112BF8E95100CA18F5 /* MapLibre_mbtilesApp.swift in Sources */ = {isa = PBXBuildFile; fileRef = B23D1B102BF8E95100CA18F5 /* MapLibre_mbtilesApp.swift */; };
		B23D1B132BF8E95100CA18F5 /* ContentView.swift in Sources */ = {isa = PBXBuildFile; fileRef = B23D1B122BF8E95100CA18F5 /* ContentView.swift */; };
		B23D1B152BF8E95200CA18F5 /* Assets.xcassets in Resources */ = {isa = PBXBuildFile; fileRef = B23D1B142BF8E95200CA18F5 /* Assets.xcassets */; };
		B23D1B182BF8E95200CA18F5 /* Preview Assets.xcassets in Resources */ = {isa = PBXBuildFile; fileRef = B23D1B172BF8E95200CA18F5 /* Preview Assets.xcassets */; };
		B23D1B222BF8E95200CA18F5 /* MapLibre_mbtilesTests.swift in Sources */ = {isa = PBXBuildFile; fileRef = B23D1B212BF8E95200CA18F5 /* MapLibre_mbtilesTests.swift */; };
		B23D1B2C2BF8E95200CA18F5 /* MapLibre_mbtilesUITests.swift in Sources */ = {isa = PBXBuildFile; fileRef = B23D1B2B2BF8E95200CA18F5 /* MapLibre_mbtilesUITests.swift */; };
		B23D1B2E2BF8E95200CA18F5 /* MapLibre_mbtilesUITestsLaunchTests.swift in Sources */ = {isa = PBXBuildFile; fileRef = B23D1B2D2BF8E95200CA18F5 /* MapLibre_mbtilesUITestsLaunchTests.swift */; };
		B23D1B3C2BF8E9C200CA18F5 /* MapLibre in Frameworks */ = {isa = PBXBuildFile; productRef = B23D1B3B2BF8E9C200CA18F5 /* MapLibre */; };
		B23D1B3F2BF8EA5600CA18F5 /* MapLibreView.swift in Sources */ = {isa = PBXBuildFile; fileRef = B23D1B3E2BF8EA5600CA18F5 /* MapLibreView.swift */; };
		B23D1B412BF8F3F800CA18F5 /* poland.mbtiles in Resources */ = {isa = PBXBuildFile; fileRef = B23D1B402BF8F3F800CA18F5 /* poland.mbtiles */; };
		B2760F802BF925A200210AB4 /* MapLibreTapView.swift in Sources */ = {isa = PBXBuildFile; fileRef = B2760F7F2BF925A200210AB4 /* MapLibreTapView.swift */; };
/* End PBXBuildFile section */

/* Begin PBXContainerItemProxy section */
		B23D1B1E2BF8E95200CA18F5 /* PBXContainerItemProxy */ = {
			isa = PBXContainerItemProxy;
			containerPortal = B23D1B052BF8E95000CA18F5 /* Project object */;
			proxyType = 1;
			remoteGlobalIDString = B23D1B0C2BF8E95100CA18F5;
			remoteInfo = "MapLibre-mbtiles";
		};
		B23D1B282BF8E95200CA18F5 /* PBXContainerItemProxy */ = {
			isa = PBXContainerItemProxy;
			containerPortal = B23D1B052BF8E95000CA18F5 /* Project object */;
			proxyType = 1;
			remoteGlobalIDString = B23D1B0C2BF8E95100CA18F5;
			remoteInfo = "MapLibre-mbtiles";
		};
/* End PBXContainerItemProxy section */

/* Begin PBXFileReference section */
		B23D1B0D2BF8E95100CA18F5 /* MapLibre-mbtiles.app */ = {isa = PBXFileReference; explicitFileType = wrapper.application; includeInIndex = 0; path = "MapLibre-mbtiles.app"; sourceTree = BUILT_PRODUCTS_DIR; };
		B23D1B102BF8E95100CA18F5 /* MapLibre_mbtilesApp.swift */ = {isa = PBXFileReference; lastKnownFileType = sourcecode.swift; path = MapLibre_mbtilesApp.swift; sourceTree = "<group>"; };
		B23D1B122BF8E95100CA18F5 /* ContentView.swift */ = {isa = PBXFileReference; lastKnownFileType = sourcecode.swift; path = ContentView.swift; sourceTree = "<group>"; };
		B23D1B142BF8E95200CA18F5 /* Assets.xcassets */ = {isa = PBXFileReference; lastKnownFileType = folder.assetcatalog; path = Assets.xcassets; sourceTree = "<group>"; };
		B23D1B172BF8E95200CA18F5 /* Preview Assets.xcassets */ = {isa = PBXFileReference; lastKnownFileType = folder.assetcatalog; path = "Preview Assets.xcassets"; sourceTree = "<group>"; };
		B23D1B1D2BF8E95200CA18F5 /* MapLibre-mbtilesTests.xctest */ = {isa = PBXFileReference; explicitFileType = wrapper.cfbundle; includeInIndex = 0; path = "MapLibre-mbtilesTests.xctest"; sourceTree = BUILT_PRODUCTS_DIR; };
		B23D1B212BF8E95200CA18F5 /* MapLibre_mbtilesTests.swift */ = {isa = PBXFileReference; lastKnownFileType = sourcecode.swift; path = MapLibre_mbtilesTests.swift; sourceTree = "<group>"; };
		B23D1B272BF8E95200CA18F5 /* MapLibre-mbtilesUITests.xctest */ = {isa = PBXFileReference; explicitFileType = wrapper.cfbundle; includeInIndex = 0; path = "MapLibre-mbtilesUITests.xctest"; sourceTree = BUILT_PRODUCTS_DIR; };
		B23D1B2B2BF8E95200CA18F5 /* MapLibre_mbtilesUITests.swift */ = {isa = PBXFileReference; lastKnownFileType = sourcecode.swift; path = MapLibre_mbtilesUITests.swift; sourceTree = "<group>"; };
		B23D1B2D2BF8E95200CA18F5 /* MapLibre_mbtilesUITestsLaunchTests.swift */ = {isa = PBXFileReference; lastKnownFileType = sourcecode.swift; path = MapLibre_mbtilesUITestsLaunchTests.swift; sourceTree = "<group>"; };
		B23D1B3E2BF8EA5600CA18F5 /* MapLibreView.swift */ = {isa = PBXFileReference; lastKnownFileType = sourcecode.swift; path = MapLibreView.swift; sourceTree = "<group>"; };
		B23D1B402BF8F3F800CA18F5 /* poland.mbtiles */ = {isa = PBXFileReference; lastKnownFileType = file; path = poland.mbtiles; sourceTree = "<group>"; };
		B2760F7F2BF925A200210AB4 /* MapLibreTapView.swift */ = {isa = PBXFileReference; lastKnownFileType = sourcecode.swift; path = MapLibreTapView.swift; sourceTree = "<group>"; };
/* End PBXFileReference section */

/* Begin PBXFrameworksBuildPhase section */
		B23D1B0A2BF8E95100CA18F5 /* Frameworks */ = {
			isa = PBXFrameworksBuildPhase;
			buildActionMask = 2147483647;
			files = (
				B23D1B3C2BF8E9C200CA18F5 /* MapLibre in Frameworks */,
			);
			runOnlyForDeploymentPostprocessing = 0;
		};
		B23D1B1A2BF8E95200CA18F5 /* Frameworks */ = {
			isa = PBXFrameworksBuildPhase;
			buildActionMask = 2147483647;
			files = (
			);
			runOnlyForDeploymentPostprocessing = 0;
		};
		B23D1B242BF8E95200CA18F5 /* Frameworks */ = {
			isa = PBXFrameworksBuildPhase;
			buildActionMask = 2147483647;
			files = (
			);
			runOnlyForDeploymentPostprocessing = 0;
		};
/* End PBXFrameworksBuildPhase section */

/* Begin PBXGroup section */
		B23D1B042BF8E95000CA18F5 = {
			isa = PBXGroup;
			children = (
				B23D1B0F2BF8E95100CA18F5 /* MapLibre-mbtiles */,
				B23D1B202BF8E95200CA18F5 /* MapLibre-mbtilesTests */,
				B23D1B2A2BF8E95200CA18F5 /* MapLibre-mbtilesUITests */,
				B23D1B0E2BF8E95100CA18F5 /* Products */,
			);
			sourceTree = "<group>";
		};
		B23D1B0E2BF8E95100CA18F5 /* Products */ = {
			isa = PBXGroup;
			children = (
				B23D1B0D2BF8E95100CA18F5 /* MapLibre-mbtiles.app */,
				B23D1B1D2BF8E95200CA18F5 /* MapLibre-mbtilesTests.xctest */,
				B23D1B272BF8E95200CA18F5 /* MapLibre-mbtilesUITests.xctest */,
			);
			name = Products;
			sourceTree = "<group>";
		};
		B23D1B0F2BF8E95100CA18F5 /* MapLibre-mbtiles */ = {
			isa = PBXGroup;
			children = (
				B23D1B3D2BF8EA4300CA18F5 /* View */,
				B23D1B102BF8E95100CA18F5 /* MapLibre_mbtilesApp.swift */,
				B23D1B122BF8E95100CA18F5 /* ContentView.swift */,
				B23D1B402BF8F3F800CA18F5 /* poland.mbtiles */,
				B23D1B142BF8E95200CA18F5 /* Assets.xcassets */,
				B23D1B162BF8E95200CA18F5 /* Preview Content */,
			);
			path = "MapLibre-mbtiles";
			sourceTree = "<group>";
		};
		B23D1B162BF8E95200CA18F5 /* Preview Content */ = {
			isa = PBXGroup;
			children = (
				B23D1B172BF8E95200CA18F5 /* Preview Assets.xcassets */,
			);
			path = "Preview Content";
			sourceTree = "<group>";
		};
		B23D1B202BF8E95200CA18F5 /* MapLibre-mbtilesTests */ = {
			isa = PBXGroup;
			children = (
				B23D1B212BF8E95200CA18F5 /* MapLibre_mbtilesTests.swift */,
			);
			path = "MapLibre-mbtilesTests";
			sourceTree = "<group>";
		};
		B23D1B2A2BF8E95200CA18F5 /* MapLibre-mbtilesUITests */ = {
			isa = PBXGroup;
			children = (
				B23D1B2B2BF8E95200CA18F5 /* MapLibre_mbtilesUITests.swift */,
				B23D1B2D2BF8E95200CA18F5 /* MapLibre_mbtilesUITestsLaunchTests.swift */,
			);
			path = "MapLibre-mbtilesUITests";
			sourceTree = "<group>";
		};
		B23D1B3D2BF8EA4300CA18F5 /* View */ = {
			isa = PBXGroup;
			children = (
				B23D1B3E2BF8EA5600CA18F5 /* MapLibreView.swift */,
				B2760F7F2BF925A200210AB4 /* MapLibreTapView.swift */,
			);
			path = View;
			sourceTree = "<group>";
		};
/* End PBXGroup section */

/* Begin PBXNativeTarget section */
		B23D1B0C2BF8E95100CA18F5 /* MapLibre-mbtiles */ = {
			isa = PBXNativeTarget;
			buildConfigurationList = B23D1B312BF8E95200CA18F5 /* Build configuration list for PBXNativeTarget "MapLibre-mbtiles" */;
			buildPhases = (
				B23D1B092BF8E95100CA18F5 /* Sources */,
				B23D1B0A2BF8E95100CA18F5 /* Frameworks */,
				B23D1B0B2BF8E95100CA18F5 /* Resources */,
			);
			buildRules = (
			);
			dependencies = (
			);
			name = "MapLibre-mbtiles";
			packageProductDependencies = (
				B23D1B3B2BF8E9C200CA18F5 /* MapLibre */,
			);
			productName = "MapLibre-mbtiles";
			productReference = B23D1B0D2BF8E95100CA18F5 /* MapLibre-mbtiles.app */;
			productType = "com.apple.product-type.application";
		};
		B23D1B1C2BF8E95200CA18F5 /* MapLibre-mbtilesTests */ = {
			isa = PBXNativeTarget;
			buildConfigurationList = B23D1B342BF8E95200CA18F5 /* Build configuration list for PBXNativeTarget "MapLibre-mbtilesTests" */;
			buildPhases = (
				B23D1B192BF8E95200CA18F5 /* Sources */,
				B23D1B1A2BF8E95200CA18F5 /* Frameworks */,
				B23D1B1B2BF8E95200CA18F5 /* Resources */,
			);
			buildRules = (
			);
			dependencies = (
				B23D1B1F2BF8E95200CA18F5 /* PBXTargetDependency */,
			);
			name = "MapLibre-mbtilesTests";
			productName = "MapLibre-mbtilesTests";
			productReference = B23D1B1D2BF8E95200CA18F5 /* MapLibre-mbtilesTests.xctest */;
			productType = "com.apple.product-type.bundle.unit-test";
		};
		B23D1B262BF8E95200CA18F5 /* MapLibre-mbtilesUITests */ = {
			isa = PBXNativeTarget;
			buildConfigurationList = B23D1B372BF8E95200CA18F5 /* Build configuration list for PBXNativeTarget "MapLibre-mbtilesUITests" */;
			buildPhases = (
				B23D1B232BF8E95200CA18F5 /* Sources */,
				B23D1B242BF8E95200CA18F5 /* Frameworks */,
				B23D1B252BF8E95200CA18F5 /* Resources */,
			);
			buildRules = (
			);
			dependencies = (
				B23D1B292BF8E95200CA18F5 /* PBXTargetDependency */,
			);
			name = "MapLibre-mbtilesUITests";
			productName = "MapLibre-mbtilesUITests";
			productReference = B23D1B272BF8E95200CA18F5 /* MapLibre-mbtilesUITests.xctest */;
			productType = "com.apple.product-type.bundle.ui-testing";
		};
/* End PBXNativeTarget section */

/* Begin PBXProject section */
		B23D1B052BF8E95000CA18F5 /* Project object */ = {
			isa = PBXProject;
			attributes = {
				BuildIndependentTargetsInParallel = 1;
				LastSwiftUpdateCheck = 1530;
				LastUpgradeCheck = 1530;
				TargetAttributes = {
					B23D1B0C2BF8E95100CA18F5 = {
						CreatedOnToolsVersion = 15.3;
					};
					B23D1B1C2BF8E95200CA18F5 = {
						CreatedOnToolsVersion = 15.3;
						TestTargetID = B23D1B0C2BF8E95100CA18F5;
					};
					B23D1B262BF8E95200CA18F5 = {
						CreatedOnToolsVersion = 15.3;
						TestTargetID = B23D1B0C2BF8E95100CA18F5;
					};
				};
			};
			buildConfigurationList = B23D1B082BF8E95100CA18F5 /* Build configuration list for PBXProject "MapLibre-mbtiles" */;
			compatibilityVersion = "Xcode 14.0";
			developmentRegion = en;
			hasScannedForEncodings = 0;
			knownRegions = (
				en,
				Base,
			);
			mainGroup = B23D1B042BF8E95000CA18F5;
			packageReferences = (
				B23D1B3A2BF8E9C200CA18F5 /* XCRemoteSwiftPackageReference "maplibre-gl-native-distribution" */,
			);
			productRefGroup = B23D1B0E2BF8E95100CA18F5 /* Products */;
			projectDirPath = "";
			projectRoot = "";
			targets = (
				B23D1B0C2BF8E95100CA18F5 /* MapLibre-mbtiles */,
				B23D1B1C2BF8E95200CA18F5 /* MapLibre-mbtilesTests */,
				B23D1B262BF8E95200CA18F5 /* MapLibre-mbtilesUITests */,
			);
		};
/* End PBXProject section */

/* Begin PBXResourcesBuildPhase section */
		B23D1B0B2BF8E95100CA18F5 /* Resources */ = {
			isa = PBXResourcesBuildPhase;
			buildActionMask = 2147483647;
			files = (
				B23D1B412BF8F3F800CA18F5 /* poland.mbtiles in Resources */,
				B23D1B182BF8E95200CA18F5 /* Preview Assets.xcassets in Resources */,
				B23D1B152BF8E95200CA18F5 /* Assets.xcassets in Resources */,
			);
			runOnlyForDeploymentPostprocessing = 0;
		};
		B23D1B1B2BF8E95200CA18F5 /* Resources */ = {
			isa = PBXResourcesBuildPhase;
			buildActionMask = 2147483647;
			files = (
			);
			runOnlyForDeploymentPostprocessing = 0;
		};
		B23D1B252BF8E95200CA18F5 /* Resources */ = {
			isa = PBXResourcesBuildPhase;
			buildActionMask = 2147483647;
			files = (
			);
			runOnlyForDeploymentPostprocessing = 0;
		};
/* End PBXResourcesBuildPhase section */

/* Begin PBXSourcesBuildPhase section */
		B23D1B092BF8E95100CA18F5 /* Sources */ = {
			isa = PBXSourcesBuildPhase;
			buildActionMask = 2147483647;
			files = (
				B2760F802BF925A200210AB4 /* MapLibreTapView.swift in Sources */,
				B23D1B132BF8E95100CA18F5 /* ContentView.swift in Sources */,
				B23D1B112BF8E95100CA18F5 /* MapLibre_mbtilesApp.swift in Sources */,
				B23D1B3F2BF8EA5600CA18F5 /* MapLibreView.swift in Sources */,
			);
			runOnlyForDeploymentPostprocessing = 0;
		};
		B23D1B192BF8E95200CA18F5 /* Sources */ = {
			isa = PBXSourcesBuildPhase;
			buildActionMask = 2147483647;
			files = (
				B23D1B222BF8E95200CA18F5 /* MapLibre_mbtilesTests.swift in Sources */,
			);
			runOnlyForDeploymentPostprocessing = 0;
		};
		B23D1B232BF8E95200CA18F5 /* Sources */ = {
			isa = PBXSourcesBuildPhase;
			buildActionMask = 2147483647;
			files = (
				B23D1B2C2BF8E95200CA18F5 /* MapLibre_mbtilesUITests.swift in Sources */,
				B23D1B2E2BF8E95200CA18F5 /* MapLibre_mbtilesUITestsLaunchTests.swift in Sources */,
			);
			runOnlyForDeploymentPostprocessing = 0;
		};
/* End PBXSourcesBuildPhase section */

/* Begin PBXTargetDependency section */
		B23D1B1F2BF8E95200CA18F5 /* PBXTargetDependency */ = {
			isa = PBXTargetDependency;
			target = B23D1B0C2BF8E95100CA18F5 /* MapLibre-mbtiles */;
			targetProxy = B23D1B1E2BF8E95200CA18F5 /* PBXContainerItemProxy */;
		};
		B23D1B292BF8E95200CA18F5 /* PBXTargetDependency */ = {
			isa = PBXTargetDependency;
			target = B23D1B0C2BF8E95100CA18F5 /* MapLibre-mbtiles */;
			targetProxy = B23D1B282BF8E95200CA18F5 /* PBXContainerItemProxy */;
		};
/* End PBXTargetDependency section */

/* Begin XCBuildConfiguration section */
		B23D1B2F2BF8E95200CA18F5 /* Debug */ = {
			isa = XCBuildConfiguration;
			buildSettings = {
				ALWAYS_SEARCH_USER_PATHS = NO;
				ASSETCATALOG_COMPILER_GENERATE_SWIFT_ASSET_SYMBOL_EXTENSIONS = YES;
				CLANG_ANALYZER_NONNULL = YES;
				CLANG_ANALYZER_NUMBER_OBJECT_CONVERSION = YES_AGGRESSIVE;
				CLANG_CXX_LANGUAGE_STANDARD = "gnu++20";
				CLANG_ENABLE_MODULES = YES;
				CLANG_ENABLE_OBJC_ARC = YES;
				CLANG_ENABLE_OBJC_WEAK = YES;
				CLANG_WARN_BLOCK_CAPTURE_AUTORELEASING = YES;
				CLANG_WARN_BOOL_CONVERSION = YES;
				CLANG_WARN_COMMA = YES;
				CLANG_WARN_CONSTANT_CONVERSION = YES;
				CLANG_WARN_DEPRECATED_OBJC_IMPLEMENTATIONS = YES;
				CLANG_WARN_DIRECT_OBJC_ISA_USAGE = YES_ERROR;
				CLANG_WARN_DOCUMENTATION_COMMENTS = YES;
				CLANG_WARN_EMPTY_BODY = YES;
				CLANG_WARN_ENUM_CONVERSION = YES;
				CLANG_WARN_INFINITE_RECURSION = YES;
				CLANG_WARN_INT_CONVERSION = YES;
				CLANG_WARN_NON_LITERAL_NULL_CONVERSION = YES;
				CLANG_WARN_OBJC_IMPLICIT_RETAIN_SELF = YES;
				CLANG_WARN_OBJC_LITERAL_CONVERSION = YES;
				CLANG_WARN_OBJC_ROOT_CLASS = YES_ERROR;
				CLANG_WARN_QUOTED_INCLUDE_IN_FRAMEWORK_HEADER = YES;
				CLANG_WARN_RANGE_LOOP_ANALYSIS = YES;
				CLANG_WARN_STRICT_PROTOTYPES = YES;
				CLANG_WARN_SUSPICIOUS_MOVE = YES;
				CLANG_WARN_UNGUARDED_AVAILABILITY = YES_AGGRESSIVE;
				CLANG_WARN_UNREACHABLE_CODE = YES;
				CLANG_WARN__DUPLICATE_METHOD_MATCH = YES;
				COPY_PHASE_STRIP = NO;
				DEBUG_INFORMATION_FORMAT = dwarf;
				ENABLE_STRICT_OBJC_MSGSEND = YES;
				ENABLE_TESTABILITY = YES;
				ENABLE_USER_SCRIPT_SANDBOXING = YES;
				GCC_C_LANGUAGE_STANDARD = gnu17;
				GCC_DYNAMIC_NO_PIC = NO;
				GCC_NO_COMMON_BLOCKS = YES;
				GCC_OPTIMIZATION_LEVEL = 0;
				GCC_PREPROCESSOR_DEFINITIONS = (
					"DEBUG=1",
					"$(inherited)",
				);
				GCC_WARN_64_TO_32_BIT_CONVERSION = YES;
				GCC_WARN_ABOUT_RETURN_TYPE = YES_ERROR;
				GCC_WARN_UNDECLARED_SELECTOR = YES;
				GCC_WARN_UNINITIALIZED_AUTOS = YES_AGGRESSIVE;
				GCC_WARN_UNUSED_FUNCTION = YES;
				GCC_WARN_UNUSED_VARIABLE = YES;
				IPHONEOS_DEPLOYMENT_TARGET = 17.4;
				LOCALIZATION_PREFERS_STRING_CATALOGS = YES;
				MTL_ENABLE_DEBUG_INFO = INCLUDE_SOURCE;
				MTL_FAST_MATH = YES;
				ONLY_ACTIVE_ARCH = YES;
				SDKROOT = iphoneos;
				SWIFT_ACTIVE_COMPILATION_CONDITIONS = "DEBUG $(inherited)";
				SWIFT_OPTIMIZATION_LEVEL = "-Onone";
			};
			name = Debug;
		};
		B23D1B302BF8E95200CA18F5 /* Release */ = {
			isa = XCBuildConfiguration;
			buildSettings = {
				ALWAYS_SEARCH_USER_PATHS = NO;
				ASSETCATALOG_COMPILER_GENERATE_SWIFT_ASSET_SYMBOL_EXTENSIONS = YES;
				CLANG_ANALYZER_NONNULL = YES;
				CLANG_ANALYZER_NUMBER_OBJECT_CONVERSION = YES_AGGRESSIVE;
				CLANG_CXX_LANGUAGE_STANDARD = "gnu++20";
				CLANG_ENABLE_MODULES = YES;
				CLANG_ENABLE_OBJC_ARC = YES;
				CLANG_ENABLE_OBJC_WEAK = YES;
				CLANG_WARN_BLOCK_CAPTURE_AUTORELEASING = YES;
				CLANG_WARN_BOOL_CONVERSION = YES;
				CLANG_WARN_COMMA = YES;
				CLANG_WARN_CONSTANT_CONVERSION = YES;
				CLANG_WARN_DEPRECATED_OBJC_IMPLEMENTATIONS = YES;
				CLANG_WARN_DIRECT_OBJC_ISA_USAGE = YES_ERROR;
				CLANG_WARN_DOCUMENTATION_COMMENTS = YES;
				CLANG_WARN_EMPTY_BODY = YES;
				CLANG_WARN_ENUM_CONVERSION = YES;
				CLANG_WARN_INFINITE_RECURSION = YES;
				CLANG_WARN_INT_CONVERSION = YES;
				CLANG_WARN_NON_LITERAL_NULL_CONVERSION = YES;
				CLANG_WARN_OBJC_IMPLICIT_RETAIN_SELF = YES;
				CLANG_WARN_OBJC_LITERAL_CONVERSION = YES;
				CLANG_WARN_OBJC_ROOT_CLASS = YES_ERROR;
				CLANG_WARN_QUOTED_INCLUDE_IN_FRAMEWORK_HEADER = YES;
				CLANG_WARN_RANGE_LOOP_ANALYSIS = YES;
				CLANG_WARN_STRICT_PROTOTYPES = YES;
				CLANG_WARN_SUSPICIOUS_MOVE = YES;
				CLANG_WARN_UNGUARDED_AVAILABILITY = YES_AGGRESSIVE;
				CLANG_WARN_UNREACHABLE_CODE = YES;
				CLANG_WARN__DUPLICATE_METHOD_MATCH = YES;
				COPY_PHASE_STRIP = NO;
				DEBUG_INFORMATION_FORMAT = "dwarf-with-dsym";
				ENABLE_NS_ASSERTIONS = NO;
				ENABLE_STRICT_OBJC_MSGSEND = YES;
				ENABLE_USER_SCRIPT_SANDBOXING = YES;
				GCC_C_LANGUAGE_STANDARD = gnu17;
				GCC_NO_COMMON_BLOCKS = YES;
				GCC_WARN_64_TO_32_BIT_CONVERSION = YES;
				GCC_WARN_ABOUT_RETURN_TYPE = YES_ERROR;
				GCC_WARN_UNDECLARED_SELECTOR = YES;
				GCC_WARN_UNINITIALIZED_AUTOS = YES_AGGRESSIVE;
				GCC_WARN_UNUSED_FUNCTION = YES;
				GCC_WARN_UNUSED_VARIABLE = YES;
				IPHONEOS_DEPLOYMENT_TARGET = 17.4;
				LOCALIZATION_PREFERS_STRING_CATALOGS = YES;
				MTL_ENABLE_DEBUG_INFO = NO;
				MTL_FAST_MATH = YES;
				SDKROOT = iphoneos;
				SWIFT_COMPILATION_MODE = wholemodule;
				VALIDATE_PRODUCT = YES;
			};
			name = Release;
		};
		B23D1B322BF8E95200CA18F5 /* Debug */ = {
			isa = XCBuildConfiguration;
			buildSettings = {
				ASSETCATALOG_COMPILER_APPICON_NAME = AppIcon;
				ASSETCATALOG_COMPILER_GLOBAL_ACCENT_COLOR_NAME = AccentColor;
				CODE_SIGN_STYLE = Automatic;
				CURRENT_PROJECT_VERSION = 1;
				DEVELOPMENT_ASSET_PATHS = "\"MapLibre-mbtiles/Preview Content\"";
				DEVELOPMENT_TEAM = Z729D9DEF5;
				ENABLE_PREVIEWS = YES;
				GENERATE_INFOPLIST_FILE = YES;
				INFOPLIST_KEY_LSApplicationCategoryType = "public.app-category.navigation";
				INFOPLIST_KEY_UIApplicationSceneManifest_Generation = YES;
				INFOPLIST_KEY_UIApplicationSupportsIndirectInputEvents = YES;
				INFOPLIST_KEY_UILaunchScreen_Generation = YES;
				INFOPLIST_KEY_UISupportedInterfaceOrientations_iPad = "UIInterfaceOrientationPortrait UIInterfaceOrientationPortraitUpsideDown UIInterfaceOrientationLandscapeLeft UIInterfaceOrientationLandscapeRight";
				INFOPLIST_KEY_UISupportedInterfaceOrientations_iPhone = "UIInterfaceOrientationPortrait UIInterfaceOrientationLandscapeLeft UIInterfaceOrientationLandscapeRight";
				LD_RUNPATH_SEARCH_PATHS = (
					"$(inherited)",
					"@executable_path/Frameworks",
				);
				MARKETING_VERSION = 1.0;
				PRODUCT_BUNDLE_IDENTIFIER = "com.knapsoft.MapLibre-mbtiles";
				PRODUCT_NAME = "$(TARGET_NAME)";
				SWIFT_EMIT_LOC_STRINGS = YES;
				SWIFT_VERSION = 5.0;
				TARGETED_DEVICE_FAMILY = "1,2";
			};
			name = Debug;
		};
		B23D1B332BF8E95200CA18F5 /* Release */ = {
			isa = XCBuildConfiguration;
			buildSettings = {
				ASSETCATALOG_COMPILER_APPICON_NAME = AppIcon;
				ASSETCATALOG_COMPILER_GLOBAL_ACCENT_COLOR_NAME = AccentColor;
				CODE_SIGN_STYLE = Automatic;
				CURRENT_PROJECT_VERSION = 1;
				DEVELOPMENT_ASSET_PATHS = "\"MapLibre-mbtiles/Preview Content\"";
				DEVELOPMENT_TEAM = Z729D9DEF5;
				ENABLE_PREVIEWS = YES;
				GENERATE_INFOPLIST_FILE = YES;
				INFOPLIST_KEY_LSApplicationCategoryType = "public.app-category.navigation";
				INFOPLIST_KEY_UIApplicationSceneManifest_Generation = YES;
				INFOPLIST_KEY_UIApplicationSupportsIndirectInputEvents = YES;
				INFOPLIST_KEY_UILaunchScreen_Generation = YES;
				INFOPLIST_KEY_UISupportedInterfaceOrientations_iPad = "UIInterfaceOrientationPortrait UIInterfaceOrientationPortraitUpsideDown UIInterfaceOrientationLandscapeLeft UIInterfaceOrientationLandscapeRight";
				INFOPLIST_KEY_UISupportedInterfaceOrientations_iPhone = "UIInterfaceOrientationPortrait UIInterfaceOrientationLandscapeLeft UIInterfaceOrientationLandscapeRight";
				LD_RUNPATH_SEARCH_PATHS = (
					"$(inherited)",
					"@executable_path/Frameworks",
				);
				MARKETING_VERSION = 1.0;
				PRODUCT_BUNDLE_IDENTIFIER = "com.knapsoft.MapLibre-mbtiles";
				PRODUCT_NAME = "$(TARGET_NAME)";
				SWIFT_EMIT_LOC_STRINGS = YES;
				SWIFT_VERSION = 5.0;
				TARGETED_DEVICE_FAMILY = "1,2";
			};
			name = Release;
		};
		B23D1B352BF8E95200CA18F5 /* Debug */ = {
			isa = XCBuildConfiguration;
			buildSettings = {
				ALWAYS_EMBED_SWIFT_STANDARD_LIBRARIES = YES;
				BUNDLE_LOADER = "$(TEST_HOST)";
				CODE_SIGN_STYLE = Automatic;
				CURRENT_PROJECT_VERSION = 1;
				DEVELOPMENT_TEAM = Z729D9DEF5;
				GENERATE_INFOPLIST_FILE = YES;
				IPHONEOS_DEPLOYMENT_TARGET = 17.4;
				MARKETING_VERSION = 1.0;
				PRODUCT_BUNDLE_IDENTIFIER = "com.knapsoft.MapLibre-mbtilesTests";
				PRODUCT_NAME = "$(TARGET_NAME)";
				SWIFT_EMIT_LOC_STRINGS = NO;
				SWIFT_VERSION = 5.0;
				TARGETED_DEVICE_FAMILY = "1,2";
				TEST_HOST = "$(BUILT_PRODUCTS_DIR)/MapLibre-mbtiles.app/$(BUNDLE_EXECUTABLE_FOLDER_PATH)/MapLibre-mbtiles";
			};
			name = Debug;
		};
		B23D1B362BF8E95200CA18F5 /* Release */ = {
			isa = XCBuildConfiguration;
			buildSettings = {
				ALWAYS_EMBED_SWIFT_STANDARD_LIBRARIES = YES;
				BUNDLE_LOADER = "$(TEST_HOST)";
				CODE_SIGN_STYLE = Automatic;
				CURRENT_PROJECT_VERSION = 1;
				DEVELOPMENT_TEAM = Z729D9DEF5;
				GENERATE_INFOPLIST_FILE = YES;
				IPHONEOS_DEPLOYMENT_TARGET = 17.4;
				MARKETING_VERSION = 1.0;
				PRODUCT_BUNDLE_IDENTIFIER = "com.knapsoft.MapLibre-mbtilesTests";
				PRODUCT_NAME = "$(TARGET_NAME)";
				SWIFT_EMIT_LOC_STRINGS = NO;
				SWIFT_VERSION = 5.0;
				TARGETED_DEVICE_FAMILY = "1,2";
				TEST_HOST = "$(BUILT_PRODUCTS_DIR)/MapLibre-mbtiles.app/$(BUNDLE_EXECUTABLE_FOLDER_PATH)/MapLibre-mbtiles";
			};
			name = Release;
		};
		B23D1B382BF8E95200CA18F5 /* Debug */ = {
			isa = XCBuildConfiguration;
			buildSettings = {
				ALWAYS_EMBED_SWIFT_STANDARD_LIBRARIES = YES;
				CODE_SIGN_STYLE = Automatic;
				CURRENT_PROJECT_VERSION = 1;
				DEVELOPMENT_TEAM = Z729D9DEF5;
				GENERATE_INFOPLIST_FILE = YES;
				MARKETING_VERSION = 1.0;
				PRODUCT_BUNDLE_IDENTIFIER = "com.knapsoft.MapLibre-mbtilesUITests";
				PRODUCT_NAME = "$(TARGET_NAME)";
				SWIFT_EMIT_LOC_STRINGS = NO;
				SWIFT_VERSION = 5.0;
				TARGETED_DEVICE_FAMILY = "1,2";
				TEST_TARGET_NAME = "MapLibre-mbtiles";
			};
			name = Debug;
		};
		B23D1B392BF8E95200CA18F5 /* Release */ = {
			isa = XCBuildConfiguration;
			buildSettings = {
				ALWAYS_EMBED_SWIFT_STANDARD_LIBRARIES = YES;
				CODE_SIGN_STYLE = Automatic;
				CURRENT_PROJECT_VERSION = 1;
				DEVELOPMENT_TEAM = Z729D9DEF5;
				GENERATE_INFOPLIST_FILE = YES;
				MARKETING_VERSION = 1.0;
				PRODUCT_BUNDLE_IDENTIFIER = "com.knapsoft.MapLibre-mbtilesUITests";
				PRODUCT_NAME = "$(TARGET_NAME)";
				SWIFT_EMIT_LOC_STRINGS = NO;
				SWIFT_VERSION = 5.0;
				TARGETED_DEVICE_FAMILY = "1,2";
				TEST_TARGET_NAME = "MapLibre-mbtiles";
			};
			name = Release;
		};
/* End XCBuildConfiguration section */

/* Begin XCConfigurationList section */
		B23D1B082BF8E95100CA18F5 /* Build configuration list for PBXProject "MapLibre-mbtiles" */ = {
			isa = XCConfigurationList;
			buildConfigurations = (
				B23D1B2F2BF8E95200CA18F5 /* Debug */,
				B23D1B302BF8E95200CA18F5 /* Release */,
			);
			defaultConfigurationIsVisible = 0;
			defaultConfigurationName = Release;
		};
		B23D1B312BF8E95200CA18F5 /* Build configuration list for PBXNativeTarget "MapLibre-mbtiles" */ = {
			isa = XCConfigurationList;
			buildConfigurations = (
				B23D1B322BF8E95200CA18F5 /* Debug */,
				B23D1B332BF8E95200CA18F5 /* Release */,
			);
			defaultConfigurationIsVisible = 0;
			defaultConfigurationName = Release;
		};
		B23D1B342BF8E95200CA18F5 /* Build configuration list for PBXNativeTarget "MapLibre-mbtilesTests" */ = {
			isa = XCConfigurationList;
			buildConfigurations = (
				B23D1B352BF8E95200CA18F5 /* Debug */,
				B23D1B362BF8E95200CA18F5 /* Release */,
			);
			defaultConfigurationIsVisible = 0;
			defaultConfigurationName = Release;
		};
		B23D1B372BF8E95200CA18F5 /* Build configuration list for PBXNativeTarget "MapLibre-mbtilesUITests" */ = {
			isa = XCConfigurationList;
			buildConfigurations = (
				B23D1B382BF8E95200CA18F5 /* Debug */,
				B23D1B392BF8E95200CA18F5 /* Release */,
			);
			defaultConfigurationIsVisible = 0;
			defaultConfigurationName = Release;
		};
/* End XCConfigurationList section */

/* Begin XCRemoteSwiftPackageReference section */
		B23D1B3A2BF8E9C200CA18F5 /* XCRemoteSwiftPackageReference "maplibre-gl-native-distribution" */ = {
			isa = XCRemoteSwiftPackageReference;
			repositoryURL = "https://github.com/maplibre/maplibre-gl-native-distribution";
			requirement = {
				kind = upToNextMajorVersion;
				minimumVersion = 6.4.2;
			};
		};
/* End XCRemoteSwiftPackageReference section */

/* Begin XCSwiftPackageProductDependency section */
		B23D1B3B2BF8E9C200CA18F5 /* MapLibre */ = {
			isa = XCSwiftPackageProductDependency;
			package = B23D1B3A2BF8E9C200CA18F5 /* XCRemoteSwiftPackageReference "maplibre-gl-native-distribution" */;
			productName = MapLibre;
		};
/* End XCSwiftPackageProductDependency section */
	};
	rootObject = B23D1B052BF8E95000CA18F5 /* Project object */;
}
